// !$*UTF8*$!
{
	archiveVersion = 1;
	classes = {
	};
	objectVersion = 55;
	objects = {

/* Begin PBXBuildFile section */
		06F0A29B484401C8A82E597D /* Pods_WeatherToday.framework in Frameworks */ = {isa = PBXBuildFile; fileRef = 80C8CF4570B2959AFE900853 /* Pods_WeatherToday.framework */; };
		24B9215F4FC942947CE00D4F /* Pods_WeatherTodayTests.framework in Frameworks */ = {isa = PBXBuildFile; fileRef = F827599986F46C189CD68E77 /* Pods_WeatherTodayTests.framework */; };
		ECA3A381BC35F40AD7837852 /* Pods_WeatherToday_WeatherTodayUITests.framework in Frameworks */ = {isa = PBXBuildFile; fileRef = D4D88F77E66006199DEAD57C /* Pods_WeatherToday_WeatherTodayUITests.framework */; };
		FBEFD7D228FFFF1B00CC50DE /* AppDelegate.swift in Sources */ = {isa = PBXBuildFile; fileRef = FBEFD7D128FFFF1B00CC50DE /* AppDelegate.swift */; };
		FBEFD7D428FFFF1B00CC50DE /* SceneDelegate.swift in Sources */ = {isa = PBXBuildFile; fileRef = FBEFD7D328FFFF1B00CC50DE /* SceneDelegate.swift */; };
		FBEFD7D628FFFF1B00CC50DE /* ViewController.swift in Sources */ = {isa = PBXBuildFile; fileRef = FBEFD7D528FFFF1B00CC50DE /* ViewController.swift */; };
		FBEFD7DB28FFFF1D00CC50DE /* Assets.xcassets in Resources */ = {isa = PBXBuildFile; fileRef = FBEFD7DA28FFFF1D00CC50DE /* Assets.xcassets */; };
		FBEFD7DE28FFFF1D00CC50DE /* LaunchScreen.storyboard in Resources */ = {isa = PBXBuildFile; fileRef = FBEFD7DC28FFFF1D00CC50DE /* LaunchScreen.storyboard */; };
		FBEFD7E928FFFF1D00CC50DE /* WeatherTodayTests.swift in Sources */ = {isa = PBXBuildFile; fileRef = FBEFD7E828FFFF1D00CC50DE /* WeatherTodayTests.swift */; };
		FBEFD7F328FFFF1D00CC50DE /* WeatherTodayUITests.swift in Sources */ = {isa = PBXBuildFile; fileRef = FBEFD7F228FFFF1D00CC50DE /* WeatherTodayUITests.swift */; };
		FBEFD7F528FFFF1D00CC50DE /* WeatherTodayUITestsLaunchTests.swift in Sources */ = {isa = PBXBuildFile; fileRef = FBEFD7F428FFFF1D00CC50DE /* WeatherTodayUITestsLaunchTests.swift */; };
		FBEFD8082902C5E200CC50DE /* EndPoint.swift in Sources */ = {isa = PBXBuildFile; fileRef = FBEFD8072902C5E200CC50DE /* EndPoint.swift */; };
		FBEFD80B2902D6C800CC50DE /* WeatherDTO.swift in Sources */ = {isa = PBXBuildFile; fileRef = FBEFD80A2902D6C800CC50DE /* WeatherDTO.swift */; };
		FBEFD80D2902D82700CC50DE /* CurrentWeatherDTO.swift in Sources */ = {isa = PBXBuildFile; fileRef = FBEFD80C2902D82700CC50DE /* CurrentWeatherDTO.swift */; };
		FBEFD8122902D9F100CC50DE /* Weather.swift in Sources */ = {isa = PBXBuildFile; fileRef = FBEFD8112902D9F100CC50DE /* Weather.swift */; };
		FBEFD8142902DA1C00CC50DE /* CurrentWeather.swift in Sources */ = {isa = PBXBuildFile; fileRef = FBEFD8132902DA1C00CC50DE /* CurrentWeather.swift */; };
		FBEFD8162905262800CC50DE /* Coordinate.swift in Sources */ = {isa = PBXBuildFile; fileRef = FBEFD8152905262800CC50DE /* Coordinate.swift */; };
		FBEFD8182905263B00CC50DE /* CoordinateDTO.swift in Sources */ = {isa = PBXBuildFile; fileRef = FBEFD8172905263B00CC50DE /* CoordinateDTO.swift */; };
		FBEFD81A2905268B00CC50DE /* TemperatureDTO.swift in Sources */ = {isa = PBXBuildFile; fileRef = FBEFD8192905268B00CC50DE /* TemperatureDTO.swift */; };
		FBEFD81C290526AE00CC50DE /* Temperature.swift in Sources */ = {isa = PBXBuildFile; fileRef = FBEFD81B290526AE00CC50DE /* Temperature.swift */; };
		FBEFD81E29052F6D00CC50DE /* NetworkError.swift in Sources */ = {isa = PBXBuildFile; fileRef = FBEFD81D29052F6D00CC50DE /* NetworkError.swift */; };
		FBEFD820290534D600CC50DE /* WeatherAPI.swift in Sources */ = {isa = PBXBuildFile; fileRef = FBEFD81F290534D600CC50DE /* WeatherAPI.swift */; };
		FBEFD8242905440200CC50DE /* CurrentWeatherRepository.swift in Sources */ = {isa = PBXBuildFile; fileRef = FBEFD8232905440200CC50DE /* CurrentWeatherRepository.swift */; };
		FBEFD82A2906C26300CC50DE /* CurrentWeatherView.swift in Sources */ = {isa = PBXBuildFile; fileRef = FBEFD8292906C26300CC50DE /* CurrentWeatherView.swift */; };
		FBEFD82D2906E03600CC50DE /* Double+Extension.swift in Sources */ = {isa = PBXBuildFile; fileRef = FBEFD82C2906E03500CC50DE /* Double+Extension.swift */; };
		FBEFD8322908097700CC50DE /* CurrentWeatherUseCase.swift in Sources */ = {isa = PBXBuildFile; fileRef = FBEFD8312908097700CC50DE /* CurrentWeatherUseCase.swift */; };
/* End PBXBuildFile section */

/* Begin PBXContainerItemProxy section */
		FBEFD7E528FFFF1D00CC50DE /* PBXContainerItemProxy */ = {
			isa = PBXContainerItemProxy;
			containerPortal = FBEFD7C628FFFF1B00CC50DE /* Project object */;
			proxyType = 1;
			remoteGlobalIDString = FBEFD7CD28FFFF1B00CC50DE;
			remoteInfo = WeatherToday;
		};
		FBEFD7EF28FFFF1D00CC50DE /* PBXContainerItemProxy */ = {
			isa = PBXContainerItemProxy;
			containerPortal = FBEFD7C628FFFF1B00CC50DE /* Project object */;
			proxyType = 1;
			remoteGlobalIDString = FBEFD7CD28FFFF1B00CC50DE;
			remoteInfo = WeatherToday;
		};
/* End PBXContainerItemProxy section */

/* Begin PBXFileReference section */
		1571617697F4FA775DF4DCCE /* Pods-WeatherTodayTests.release.xcconfig */ = {isa = PBXFileReference; includeInIndex = 1; lastKnownFileType = text.xcconfig; name = "Pods-WeatherTodayTests.release.xcconfig"; path = "Target Support Files/Pods-WeatherTodayTests/Pods-WeatherTodayTests.release.xcconfig"; sourceTree = "<group>"; };
		65F5FC6734265925964AD7FC /* Pods-WeatherToday.debug.xcconfig */ = {isa = PBXFileReference; includeInIndex = 1; lastKnownFileType = text.xcconfig; name = "Pods-WeatherToday.debug.xcconfig"; path = "Target Support Files/Pods-WeatherToday/Pods-WeatherToday.debug.xcconfig"; sourceTree = "<group>"; };
		7660E4146A6B9B18DDAA2459 /* Pods-WeatherToday.release.xcconfig */ = {isa = PBXFileReference; includeInIndex = 1; lastKnownFileType = text.xcconfig; name = "Pods-WeatherToday.release.xcconfig"; path = "Target Support Files/Pods-WeatherToday/Pods-WeatherToday.release.xcconfig"; sourceTree = "<group>"; };
		80C8CF4570B2959AFE900853 /* Pods_WeatherToday.framework */ = {isa = PBXFileReference; explicitFileType = wrapper.framework; includeInIndex = 0; path = Pods_WeatherToday.framework; sourceTree = BUILT_PRODUCTS_DIR; };
		BA1779A0A8DA3FB38FB7D422 /* Pods-WeatherToday-WeatherTodayUITests.debug.xcconfig */ = {isa = PBXFileReference; includeInIndex = 1; lastKnownFileType = text.xcconfig; name = "Pods-WeatherToday-WeatherTodayUITests.debug.xcconfig"; path = "Target Support Files/Pods-WeatherToday-WeatherTodayUITests/Pods-WeatherToday-WeatherTodayUITests.debug.xcconfig"; sourceTree = "<group>"; };
		C22DCC9EEFCD834872109106 /* Pods-WeatherTodayTests.debug.xcconfig */ = {isa = PBXFileReference; includeInIndex = 1; lastKnownFileType = text.xcconfig; name = "Pods-WeatherTodayTests.debug.xcconfig"; path = "Target Support Files/Pods-WeatherTodayTests/Pods-WeatherTodayTests.debug.xcconfig"; sourceTree = "<group>"; };
		D4D88F77E66006199DEAD57C /* Pods_WeatherToday_WeatherTodayUITests.framework */ = {isa = PBXFileReference; explicitFileType = wrapper.framework; includeInIndex = 0; path = Pods_WeatherToday_WeatherTodayUITests.framework; sourceTree = BUILT_PRODUCTS_DIR; };
		F827599986F46C189CD68E77 /* Pods_WeatherTodayTests.framework */ = {isa = PBXFileReference; explicitFileType = wrapper.framework; includeInIndex = 0; path = Pods_WeatherTodayTests.framework; sourceTree = BUILT_PRODUCTS_DIR; };
		FB4B1006957D11433CBCE63E /* Pods-WeatherToday-WeatherTodayUITests.release.xcconfig */ = {isa = PBXFileReference; includeInIndex = 1; lastKnownFileType = text.xcconfig; name = "Pods-WeatherToday-WeatherTodayUITests.release.xcconfig"; path = "Target Support Files/Pods-WeatherToday-WeatherTodayUITests/Pods-WeatherToday-WeatherTodayUITests.release.xcconfig"; sourceTree = "<group>"; };
		FBEFD7CE28FFFF1B00CC50DE /* WeatherToday.app */ = {isa = PBXFileReference; explicitFileType = wrapper.application; includeInIndex = 0; path = WeatherToday.app; sourceTree = BUILT_PRODUCTS_DIR; };
		FBEFD7D128FFFF1B00CC50DE /* AppDelegate.swift */ = {isa = PBXFileReference; lastKnownFileType = sourcecode.swift; path = AppDelegate.swift; sourceTree = "<group>"; };
		FBEFD7D328FFFF1B00CC50DE /* SceneDelegate.swift */ = {isa = PBXFileReference; lastKnownFileType = sourcecode.swift; path = SceneDelegate.swift; sourceTree = "<group>"; };
		FBEFD7D528FFFF1B00CC50DE /* ViewController.swift */ = {isa = PBXFileReference; lastKnownFileType = sourcecode.swift; path = ViewController.swift; sourceTree = "<group>"; };
		FBEFD7DA28FFFF1D00CC50DE /* Assets.xcassets */ = {isa = PBXFileReference; lastKnownFileType = folder.assetcatalog; path = Assets.xcassets; sourceTree = "<group>"; };
		FBEFD7DD28FFFF1D00CC50DE /* Base */ = {isa = PBXFileReference; lastKnownFileType = file.storyboard; name = Base; path = Base.lproj/LaunchScreen.storyboard; sourceTree = "<group>"; };
		FBEFD7DF28FFFF1D00CC50DE /* Info.plist */ = {isa = PBXFileReference; lastKnownFileType = text.plist.xml; path = Info.plist; sourceTree = "<group>"; };
		FBEFD7E428FFFF1D00CC50DE /* WeatherTodayTests.xctest */ = {isa = PBXFileReference; explicitFileType = wrapper.cfbundle; includeInIndex = 0; path = WeatherTodayTests.xctest; sourceTree = BUILT_PRODUCTS_DIR; };
		FBEFD7E828FFFF1D00CC50DE /* WeatherTodayTests.swift */ = {isa = PBXFileReference; lastKnownFileType = sourcecode.swift; path = WeatherTodayTests.swift; sourceTree = "<group>"; };
		FBEFD7EE28FFFF1D00CC50DE /* WeatherTodayUITests.xctest */ = {isa = PBXFileReference; explicitFileType = wrapper.cfbundle; includeInIndex = 0; path = WeatherTodayUITests.xctest; sourceTree = BUILT_PRODUCTS_DIR; };
		FBEFD7F228FFFF1D00CC50DE /* WeatherTodayUITests.swift */ = {isa = PBXFileReference; lastKnownFileType = sourcecode.swift; path = WeatherTodayUITests.swift; sourceTree = "<group>"; };
		FBEFD7F428FFFF1D00CC50DE /* WeatherTodayUITestsLaunchTests.swift */ = {isa = PBXFileReference; lastKnownFileType = sourcecode.swift; path = WeatherTodayUITestsLaunchTests.swift; sourceTree = "<group>"; };
		FBEFD8072902C5E200CC50DE /* EndPoint.swift */ = {isa = PBXFileReference; lastKnownFileType = sourcecode.swift; path = EndPoint.swift; sourceTree = "<group>"; };
		FBEFD80A2902D6C800CC50DE /* WeatherDTO.swift */ = {isa = PBXFileReference; lastKnownFileType = sourcecode.swift; path = WeatherDTO.swift; sourceTree = "<group>"; };
		FBEFD80C2902D82700CC50DE /* CurrentWeatherDTO.swift */ = {isa = PBXFileReference; lastKnownFileType = sourcecode.swift; path = CurrentWeatherDTO.swift; sourceTree = "<group>"; };
		FBEFD8112902D9F100CC50DE /* Weather.swift */ = {isa = PBXFileReference; lastKnownFileType = sourcecode.swift; path = Weather.swift; sourceTree = "<group>"; };
		FBEFD8132902DA1C00CC50DE /* CurrentWeather.swift */ = {isa = PBXFileReference; lastKnownFileType = sourcecode.swift; path = CurrentWeather.swift; sourceTree = "<group>"; };
		FBEFD8152905262800CC50DE /* Coordinate.swift */ = {isa = PBXFileReference; lastKnownFileType = sourcecode.swift; path = Coordinate.swift; sourceTree = "<group>"; };
		FBEFD8172905263B00CC50DE /* CoordinateDTO.swift */ = {isa = PBXFileReference; lastKnownFileType = sourcecode.swift; path = CoordinateDTO.swift; sourceTree = "<group>"; };
		FBEFD8192905268B00CC50DE /* TemperatureDTO.swift */ = {isa = PBXFileReference; lastKnownFileType = sourcecode.swift; path = TemperatureDTO.swift; sourceTree = "<group>"; };
		FBEFD81B290526AE00CC50DE /* Temperature.swift */ = {isa = PBXFileReference; lastKnownFileType = sourcecode.swift; path = Temperature.swift; sourceTree = "<group>"; };
		FBEFD81D29052F6D00CC50DE /* NetworkError.swift */ = {isa = PBXFileReference; lastKnownFileType = sourcecode.swift; path = NetworkError.swift; sourceTree = "<group>"; };
		FBEFD81F290534D600CC50DE /* WeatherAPI.swift */ = {isa = PBXFileReference; lastKnownFileType = sourcecode.swift; path = WeatherAPI.swift; sourceTree = "<group>"; };
		FBEFD8232905440200CC50DE /* CurrentWeatherRepository.swift */ = {isa = PBXFileReference; lastKnownFileType = sourcecode.swift; path = CurrentWeatherRepository.swift; sourceTree = "<group>"; };
		FBEFD8292906C26300CC50DE /* CurrentWeatherView.swift */ = {isa = PBXFileReference; lastKnownFileType = sourcecode.swift; path = CurrentWeatherView.swift; sourceTree = "<group>"; };
		FBEFD82C2906E03500CC50DE /* Double+Extension.swift */ = {isa = PBXFileReference; lastKnownFileType = sourcecode.swift; path = "Double+Extension.swift"; sourceTree = "<group>"; };
		FBEFD8312908097700CC50DE /* CurrentWeatherUseCase.swift */ = {isa = PBXFileReference; lastKnownFileType = sourcecode.swift; path = CurrentWeatherUseCase.swift; sourceTree = "<group>"; };
/* End PBXFileReference section */

/* Begin PBXFrameworksBuildPhase section */
		FBEFD7CB28FFFF1B00CC50DE /* Frameworks */ = {
			isa = PBXFrameworksBuildPhase;
			buildActionMask = 2147483647;
			files = (
				06F0A29B484401C8A82E597D /* Pods_WeatherToday.framework in Frameworks */,
			);
			runOnlyForDeploymentPostprocessing = 0;
		};
		FBEFD7E128FFFF1D00CC50DE /* Frameworks */ = {
			isa = PBXFrameworksBuildPhase;
			buildActionMask = 2147483647;
			files = (
				24B9215F4FC942947CE00D4F /* Pods_WeatherTodayTests.framework in Frameworks */,
			);
			runOnlyForDeploymentPostprocessing = 0;
		};
		FBEFD7EB28FFFF1D00CC50DE /* Frameworks */ = {
			isa = PBXFrameworksBuildPhase;
			buildActionMask = 2147483647;
			files = (
				ECA3A381BC35F40AD7837852 /* Pods_WeatherToday_WeatherTodayUITests.framework in Frameworks */,
			);
			runOnlyForDeploymentPostprocessing = 0;
		};
/* End PBXFrameworksBuildPhase section */

/* Begin PBXGroup section */
		44BF7A15CD6257E1B060EB08 /* Frameworks */ = {
			isa = PBXGroup;
			children = (
				80C8CF4570B2959AFE900853 /* Pods_WeatherToday.framework */,
				D4D88F77E66006199DEAD57C /* Pods_WeatherToday_WeatherTodayUITests.framework */,
				F827599986F46C189CD68E77 /* Pods_WeatherTodayTests.framework */,
			);
			name = Frameworks;
			sourceTree = "<group>";
		};
		DD075B6547C35E4310D78E7F /* Pods */ = {
			isa = PBXGroup;
			children = (
				65F5FC6734265925964AD7FC /* Pods-WeatherToday.debug.xcconfig */,
				7660E4146A6B9B18DDAA2459 /* Pods-WeatherToday.release.xcconfig */,
				BA1779A0A8DA3FB38FB7D422 /* Pods-WeatherToday-WeatherTodayUITests.debug.xcconfig */,
				FB4B1006957D11433CBCE63E /* Pods-WeatherToday-WeatherTodayUITests.release.xcconfig */,
				C22DCC9EEFCD834872109106 /* Pods-WeatherTodayTests.debug.xcconfig */,
				1571617697F4FA775DF4DCCE /* Pods-WeatherTodayTests.release.xcconfig */,
			);
			path = Pods;
			sourceTree = "<group>";
		};
		FBEFD7C528FFFF1B00CC50DE = {
			isa = PBXGroup;
			children = (
				FBEFD7D028FFFF1B00CC50DE /* WeatherToday */,
				FBEFD7E728FFFF1D00CC50DE /* WeatherTodayTests */,
				FBEFD7F128FFFF1D00CC50DE /* WeatherTodayUITests */,
				FBEFD7CF28FFFF1B00CC50DE /* Products */,
				DD075B6547C35E4310D78E7F /* Pods */,
				44BF7A15CD6257E1B060EB08 /* Frameworks */,
			);
			sourceTree = "<group>";
		};
		FBEFD7CF28FFFF1B00CC50DE /* Products */ = {
			isa = PBXGroup;
			children = (
				FBEFD7CE28FFFF1B00CC50DE /* WeatherToday.app */,
				FBEFD7E428FFFF1D00CC50DE /* WeatherTodayTests.xctest */,
				FBEFD7EE28FFFF1D00CC50DE /* WeatherTodayUITests.xctest */,
			);
			name = Products;
			sourceTree = "<group>";
		};
		FBEFD7D028FFFF1B00CC50DE /* WeatherToday */ = {
			isa = PBXGroup;
			children = (
				FBEFD82B2906E01700CC50DE /* Extension */,
				FBEFD8272906C06100CC50DE /* View */,
				FBEFD80F2902D9D200CC50DE /* Data */,
				FBEFD80E2902D9CA00CC50DE /* Domain */,
				FBEFD7D128FFFF1B00CC50DE /* AppDelegate.swift */,
				FBEFD7D328FFFF1B00CC50DE /* SceneDelegate.swift */,
				FBEFD7D528FFFF1B00CC50DE /* ViewController.swift */,
				FBEFD7DA28FFFF1D00CC50DE /* Assets.xcassets */,
				FBEFD7DC28FFFF1D00CC50DE /* LaunchScreen.storyboard */,
				FBEFD7DF28FFFF1D00CC50DE /* Info.plist */,
			);
			path = WeatherToday;
			sourceTree = "<group>";
		};
		FBEFD7E728FFFF1D00CC50DE /* WeatherTodayTests */ = {
			isa = PBXGroup;
			children = (
				FBEFD7E828FFFF1D00CC50DE /* WeatherTodayTests.swift */,
			);
			path = WeatherTodayTests;
			sourceTree = "<group>";
		};
		FBEFD7F128FFFF1D00CC50DE /* WeatherTodayUITests */ = {
			isa = PBXGroup;
			children = (
				FBEFD7F228FFFF1D00CC50DE /* WeatherTodayUITests.swift */,
				FBEFD7F428FFFF1D00CC50DE /* WeatherTodayUITestsLaunchTests.swift */,
			);
			path = WeatherTodayUITests;
			sourceTree = "<group>";
		};
		FBEFD801290014BD00CC50DE /* Network */ = {
			isa = PBXGroup;
			children = (
				FBEFD8072902C5E200CC50DE /* EndPoint.swift */,
				FBEFD81D29052F6D00CC50DE /* NetworkError.swift */,
				FBEFD81F290534D600CC50DE /* WeatherAPI.swift */,
				FBEFD8092902D68600CC50DE /* NetworkDTO */,
			);
			path = Network;
			sourceTree = "<group>";
		};
		FBEFD8092902D68600CC50DE /* NetworkDTO */ = {
			isa = PBXGroup;
			children = (
				FBEFD80C2902D82700CC50DE /* CurrentWeatherDTO.swift */,
				FBEFD80A2902D6C800CC50DE /* WeatherDTO.swift */,
				FBEFD8172905263B00CC50DE /* CoordinateDTO.swift */,
				FBEFD8192905268B00CC50DE /* TemperatureDTO.swift */,
			);
			path = NetworkDTO;
			sourceTree = "<group>";
		};
		FBEFD80E2902D9CA00CC50DE /* Domain */ = {
			isa = PBXGroup;
			children = (
				FBEFD8302908096500CC50DE /* UseCase */,
				FBEFD8102902D9E000CC50DE /* Entity */,
			);
			path = Domain;
			sourceTree = "<group>";
		};
		FBEFD80F2902D9D200CC50DE /* Data */ = {
			isa = PBXGroup;
			children = (
				FBEFD822290542A200CC50DE /* Repository */,
				FBEFD801290014BD00CC50DE /* Network */,
			);
			path = Data;
			sourceTree = "<group>";
		};
		FBEFD8102902D9E000CC50DE /* Entity */ = {
			isa = PBXGroup;
			children = (
				FBEFD8132902DA1C00CC50DE /* CurrentWeather.swift */,
				FBEFD8112902D9F100CC50DE /* Weather.swift */,
				FBEFD8152905262800CC50DE /* Coordinate.swift */,
				FBEFD81B290526AE00CC50DE /* Temperature.swift */,
			);
			path = Entity;
			sourceTree = "<group>";
		};
		FBEFD822290542A200CC50DE /* Repository */ = {
			isa = PBXGroup;
			children = (
				FBEFD8232905440200CC50DE /* CurrentWeatherRepository.swift */,
			);
			path = Repository;
			sourceTree = "<group>";
		};
		FBEFD8272906C06100CC50DE /* View */ = {
			isa = PBXGroup;
			children = (
				FBEFD8282906C06900CC50DE /* CurrentWeatherView */,
			);
			path = View;
			sourceTree = "<group>";
		};
		FBEFD8282906C06900CC50DE /* CurrentWeatherView */ = {
			isa = PBXGroup;
			children = (
				FBEFD8292906C26300CC50DE /* CurrentWeatherView.swift */,
			);
			path = CurrentWeatherView;
			sourceTree = "<group>";
		};
		FBEFD82B2906E01700CC50DE /* Extension */ = {
			isa = PBXGroup;
			children = (
				FBEFD82C2906E03500CC50DE /* Double+Extension.swift */,
			);
			path = Extension;
			sourceTree = "<group>";
		};
		FBEFD8302908096500CC50DE /* UseCase */ = {
			isa = PBXGroup;
			children = (
				FBEFD8312908097700CC50DE /* CurrentWeatherUseCase.swift */,
			);
			path = UseCase;
			sourceTree = "<group>";
		};
/* End PBXGroup section */

/* Begin PBXNativeTarget section */
		FBEFD7CD28FFFF1B00CC50DE /* WeatherToday */ = {
			isa = PBXNativeTarget;
			buildConfigurationList = FBEFD7F828FFFF1D00CC50DE /* Build configuration list for PBXNativeTarget "WeatherToday" */;
			buildPhases = (
				DF74BB1EA3A2545AE3D89CAC /* [CP] Check Pods Manifest.lock */,
				FBEFD7CA28FFFF1B00CC50DE /* Sources */,
				FBEFD7CB28FFFF1B00CC50DE /* Frameworks */,
				FBEFD7CC28FFFF1B00CC50DE /* Resources */,
				B8E55DCC76A14D5BBEBBE08B /* [CP] Embed Pods Frameworks */,
			);
			buildRules = (
			);
			dependencies = (
			);
			name = WeatherToday;
			productName = WeatherToday;
			productReference = FBEFD7CE28FFFF1B00CC50DE /* WeatherToday.app */;
			productType = "com.apple.product-type.application";
		};
		FBEFD7E328FFFF1D00CC50DE /* WeatherTodayTests */ = {
			isa = PBXNativeTarget;
			buildConfigurationList = FBEFD7FB28FFFF1D00CC50DE /* Build configuration list for PBXNativeTarget "WeatherTodayTests" */;
			buildPhases = (
				217D552EA17D606F59D7F6BE /* [CP] Check Pods Manifest.lock */,
				FBEFD7E028FFFF1D00CC50DE /* Sources */,
				FBEFD7E128FFFF1D00CC50DE /* Frameworks */,
				FBEFD7E228FFFF1D00CC50DE /* Resources */,
			);
			buildRules = (
			);
			dependencies = (
				FBEFD7E628FFFF1D00CC50DE /* PBXTargetDependency */,
			);
			name = WeatherTodayTests;
			productName = WeatherTodayTests;
			productReference = FBEFD7E428FFFF1D00CC50DE /* WeatherTodayTests.xctest */;
			productType = "com.apple.product-type.bundle.unit-test";
		};
		FBEFD7ED28FFFF1D00CC50DE /* WeatherTodayUITests */ = {
			isa = PBXNativeTarget;
			buildConfigurationList = FBEFD7FE28FFFF1D00CC50DE /* Build configuration list for PBXNativeTarget "WeatherTodayUITests" */;
			buildPhases = (
				52215553B73EEF7932C466B7 /* [CP] Check Pods Manifest.lock */,
				FBEFD7EA28FFFF1D00CC50DE /* Sources */,
				FBEFD7EB28FFFF1D00CC50DE /* Frameworks */,
				FBEFD7EC28FFFF1D00CC50DE /* Resources */,
				6A8D2DDD9786E1510C2AC327 /* [CP] Embed Pods Frameworks */,
			);
			buildRules = (
			);
			dependencies = (
				FBEFD7F028FFFF1D00CC50DE /* PBXTargetDependency */,
			);
			name = WeatherTodayUITests;
			productName = WeatherTodayUITests;
			productReference = FBEFD7EE28FFFF1D00CC50DE /* WeatherTodayUITests.xctest */;
			productType = "com.apple.product-type.bundle.ui-testing";
		};
/* End PBXNativeTarget section */

/* Begin PBXProject section */
		FBEFD7C628FFFF1B00CC50DE /* Project object */ = {
			isa = PBXProject;
			attributes = {
				BuildIndependentTargetsInParallel = 1;
				LastSwiftUpdateCheck = 1320;
				LastUpgradeCheck = 1320;
				TargetAttributes = {
					FBEFD7CD28FFFF1B00CC50DE = {
						CreatedOnToolsVersion = 13.2.1;
					};
					FBEFD7E328FFFF1D00CC50DE = {
						CreatedOnToolsVersion = 13.2.1;
						TestTargetID = FBEFD7CD28FFFF1B00CC50DE;
					};
					FBEFD7ED28FFFF1D00CC50DE = {
						CreatedOnToolsVersion = 13.2.1;
						TestTargetID = FBEFD7CD28FFFF1B00CC50DE;
					};
				};
			};
			buildConfigurationList = FBEFD7C928FFFF1B00CC50DE /* Build configuration list for PBXProject "WeatherToday" */;
			compatibilityVersion = "Xcode 13.0";
			developmentRegion = en;
			hasScannedForEncodings = 0;
			knownRegions = (
				en,
				Base,
			);
			mainGroup = FBEFD7C528FFFF1B00CC50DE;
			productRefGroup = FBEFD7CF28FFFF1B00CC50DE /* Products */;
			projectDirPath = "";
			projectRoot = "";
			targets = (
				FBEFD7CD28FFFF1B00CC50DE /* WeatherToday */,
				FBEFD7E328FFFF1D00CC50DE /* WeatherTodayTests */,
				FBEFD7ED28FFFF1D00CC50DE /* WeatherTodayUITests */,
			);
		};
/* End PBXProject section */

/* Begin PBXResourcesBuildPhase section */
		FBEFD7CC28FFFF1B00CC50DE /* Resources */ = {
			isa = PBXResourcesBuildPhase;
			buildActionMask = 2147483647;
			files = (
				FBEFD7DE28FFFF1D00CC50DE /* LaunchScreen.storyboard in Resources */,
				FBEFD7DB28FFFF1D00CC50DE /* Assets.xcassets in Resources */,
			);
			runOnlyForDeploymentPostprocessing = 0;
		};
		FBEFD7E228FFFF1D00CC50DE /* Resources */ = {
			isa = PBXResourcesBuildPhase;
			buildActionMask = 2147483647;
			files = (
			);
			runOnlyForDeploymentPostprocessing = 0;
		};
		FBEFD7EC28FFFF1D00CC50DE /* Resources */ = {
			isa = PBXResourcesBuildPhase;
			buildActionMask = 2147483647;
			files = (
			);
			runOnlyForDeploymentPostprocessing = 0;
		};
/* End PBXResourcesBuildPhase section */

/* Begin PBXShellScriptBuildPhase section */
		217D552EA17D606F59D7F6BE /* [CP] Check Pods Manifest.lock */ = {
			isa = PBXShellScriptBuildPhase;
			buildActionMask = 2147483647;
			files = (
			);
			inputFileListPaths = (
			);
			inputPaths = (
				"${PODS_PODFILE_DIR_PATH}/Podfile.lock",
				"${PODS_ROOT}/Manifest.lock",
			);
			name = "[CP] Check Pods Manifest.lock";
			outputFileListPaths = (
			);
			outputPaths = (
				"$(DERIVED_FILE_DIR)/Pods-WeatherTodayTests-checkManifestLockResult.txt",
			);
			runOnlyForDeploymentPostprocessing = 0;
			shellPath = /bin/sh;
			shellScript = "diff \"${PODS_PODFILE_DIR_PATH}/Podfile.lock\" \"${PODS_ROOT}/Manifest.lock\" > /dev/null\nif [ $? != 0 ] ; then\n    # print error to STDERR\n    echo \"error: The sandbox is not in sync with the Podfile.lock. Run 'pod install' or update your CocoaPods installation.\" >&2\n    exit 1\nfi\n# This output is used by Xcode 'outputs' to avoid re-running this script phase.\necho \"SUCCESS\" > \"${SCRIPT_OUTPUT_FILE_0}\"\n";
			showEnvVarsInLog = 0;
		};
		52215553B73EEF7932C466B7 /* [CP] Check Pods Manifest.lock */ = {
			isa = PBXShellScriptBuildPhase;
			buildActionMask = 2147483647;
			files = (
			);
			inputFileListPaths = (
			);
			inputPaths = (
				"${PODS_PODFILE_DIR_PATH}/Podfile.lock",
				"${PODS_ROOT}/Manifest.lock",
			);
			name = "[CP] Check Pods Manifest.lock";
			outputFileListPaths = (
			);
			outputPaths = (
				"$(DERIVED_FILE_DIR)/Pods-WeatherToday-WeatherTodayUITests-checkManifestLockResult.txt",
			);
			runOnlyForDeploymentPostprocessing = 0;
			shellPath = /bin/sh;
			shellScript = "diff \"${PODS_PODFILE_DIR_PATH}/Podfile.lock\" \"${PODS_ROOT}/Manifest.lock\" > /dev/null\nif [ $? != 0 ] ; then\n    # print error to STDERR\n    echo \"error: The sandbox is not in sync with the Podfile.lock. Run 'pod install' or update your CocoaPods installation.\" >&2\n    exit 1\nfi\n# This output is used by Xcode 'outputs' to avoid re-running this script phase.\necho \"SUCCESS\" > \"${SCRIPT_OUTPUT_FILE_0}\"\n";
			showEnvVarsInLog = 0;
		};
		6A8D2DDD9786E1510C2AC327 /* [CP] Embed Pods Frameworks */ = {
			isa = PBXShellScriptBuildPhase;
			buildActionMask = 2147483647;
			files = (
			);
			inputFileListPaths = (
				"${PODS_ROOT}/Target Support Files/Pods-WeatherToday-WeatherTodayUITests/Pods-WeatherToday-WeatherTodayUITests-frameworks-${CONFIGURATION}-input-files.xcfilelist",
			);
			name = "[CP] Embed Pods Frameworks";
			outputFileListPaths = (
				"${PODS_ROOT}/Target Support Files/Pods-WeatherToday-WeatherTodayUITests/Pods-WeatherToday-WeatherTodayUITests-frameworks-${CONFIGURATION}-output-files.xcfilelist",
			);
			runOnlyForDeploymentPostprocessing = 0;
			shellPath = /bin/sh;
			shellScript = "\"${PODS_ROOT}/Target Support Files/Pods-WeatherToday-WeatherTodayUITests/Pods-WeatherToday-WeatherTodayUITests-frameworks.sh\"\n";
			showEnvVarsInLog = 0;
		};
		B8E55DCC76A14D5BBEBBE08B /* [CP] Embed Pods Frameworks */ = {
			isa = PBXShellScriptBuildPhase;
			buildActionMask = 2147483647;
			files = (
			);
			inputFileListPaths = (
				"${PODS_ROOT}/Target Support Files/Pods-WeatherToday/Pods-WeatherToday-frameworks-${CONFIGURATION}-input-files.xcfilelist",
			);
			name = "[CP] Embed Pods Frameworks";
			outputFileListPaths = (
				"${PODS_ROOT}/Target Support Files/Pods-WeatherToday/Pods-WeatherToday-frameworks-${CONFIGURATION}-output-files.xcfilelist",
			);
			runOnlyForDeploymentPostprocessing = 0;
			shellPath = /bin/sh;
			shellScript = "\"${PODS_ROOT}/Target Support Files/Pods-WeatherToday/Pods-WeatherToday-frameworks.sh\"\n";
			showEnvVarsInLog = 0;
		};
		DF74BB1EA3A2545AE3D89CAC /* [CP] Check Pods Manifest.lock */ = {
			isa = PBXShellScriptBuildPhase;
			buildActionMask = 2147483647;
			files = (
			);
			inputFileListPaths = (
			);
			inputPaths = (
				"${PODS_PODFILE_DIR_PATH}/Podfile.lock",
				"${PODS_ROOT}/Manifest.lock",
			);
			name = "[CP] Check Pods Manifest.lock";
			outputFileListPaths = (
			);
			outputPaths = (
				"$(DERIVED_FILE_DIR)/Pods-WeatherToday-checkManifestLockResult.txt",
			);
			runOnlyForDeploymentPostprocessing = 0;
			shellPath = /bin/sh;
			shellScript = "diff \"${PODS_PODFILE_DIR_PATH}/Podfile.lock\" \"${PODS_ROOT}/Manifest.lock\" > /dev/null\nif [ $? != 0 ] ; then\n    # print error to STDERR\n    echo \"error: The sandbox is not in sync with the Podfile.lock. Run 'pod install' or update your CocoaPods installation.\" >&2\n    exit 1\nfi\n# This output is used by Xcode 'outputs' to avoid re-running this script phase.\necho \"SUCCESS\" > \"${SCRIPT_OUTPUT_FILE_0}\"\n";
			showEnvVarsInLog = 0;
		};
/* End PBXShellScriptBuildPhase section */

/* Begin PBXSourcesBuildPhase section */
		FBEFD7CA28FFFF1B00CC50DE /* Sources */ = {
			isa = PBXSourcesBuildPhase;
			buildActionMask = 2147483647;
			files = (
				FBEFD7D628FFFF1B00CC50DE /* ViewController.swift in Sources */,
				FBEFD82A2906C26300CC50DE /* CurrentWeatherView.swift in Sources */,
				FBEFD820290534D600CC50DE /* WeatherAPI.swift in Sources */,
				FBEFD7D228FFFF1B00CC50DE /* AppDelegate.swift in Sources */,
				FBEFD82D2906E03600CC50DE /* Double+Extension.swift in Sources */,
				FBEFD81A2905268B00CC50DE /* TemperatureDTO.swift in Sources */,
				FBEFD8322908097700CC50DE /* CurrentWeatherUseCase.swift in Sources */,
				FBEFD8242905440200CC50DE /* CurrentWeatherRepository.swift in Sources */,
				FBEFD8142902DA1C00CC50DE /* CurrentWeather.swift in Sources */,
				FBEFD80B2902D6C800CC50DE /* WeatherDTO.swift in Sources */,
				FBEFD8082902C5E200CC50DE /* EndPoint.swift in Sources */,
				FBEFD81C290526AE00CC50DE /* Temperature.swift in Sources */,
				FBEFD8162905262800CC50DE /* Coordinate.swift in Sources */,
				FBEFD80D2902D82700CC50DE /* CurrentWeatherDTO.swift in Sources */,
				FBEFD8182905263B00CC50DE /* CoordinateDTO.swift in Sources */,
				FBEFD81E29052F6D00CC50DE /* NetworkError.swift in Sources */,
				FBEFD7D428FFFF1B00CC50DE /* SceneDelegate.swift in Sources */,
				FBEFD8122902D9F100CC50DE /* Weather.swift in Sources */,
			);
			runOnlyForDeploymentPostprocessing = 0;
		};
		FBEFD7E028FFFF1D00CC50DE /* Sources */ = {
			isa = PBXSourcesBuildPhase;
			buildActionMask = 2147483647;
			files = (
				FBEFD7E928FFFF1D00CC50DE /* WeatherTodayTests.swift in Sources */,
			);
			runOnlyForDeploymentPostprocessing = 0;
		};
		FBEFD7EA28FFFF1D00CC50DE /* Sources */ = {
			isa = PBXSourcesBuildPhase;
			buildActionMask = 2147483647;
			files = (
				FBEFD7F328FFFF1D00CC50DE /* WeatherTodayUITests.swift in Sources */,
				FBEFD7F528FFFF1D00CC50DE /* WeatherTodayUITestsLaunchTests.swift in Sources */,
			);
			runOnlyForDeploymentPostprocessing = 0;
		};
/* End PBXSourcesBuildPhase section */

/* Begin PBXTargetDependency section */
		FBEFD7E628FFFF1D00CC50DE /* PBXTargetDependency */ = {
			isa = PBXTargetDependency;
			target = FBEFD7CD28FFFF1B00CC50DE /* WeatherToday */;
			targetProxy = FBEFD7E528FFFF1D00CC50DE /* PBXContainerItemProxy */;
		};
		FBEFD7F028FFFF1D00CC50DE /* PBXTargetDependency */ = {
			isa = PBXTargetDependency;
			target = FBEFD7CD28FFFF1B00CC50DE /* WeatherToday */;
			targetProxy = FBEFD7EF28FFFF1D00CC50DE /* PBXContainerItemProxy */;
		};
/* End PBXTargetDependency section */

/* Begin PBXVariantGroup section */
		FBEFD7DC28FFFF1D00CC50DE /* LaunchScreen.storyboard */ = {
			isa = PBXVariantGroup;
			children = (
				FBEFD7DD28FFFF1D00CC50DE /* Base */,
			);
			name = LaunchScreen.storyboard;
			sourceTree = "<group>";
		};
/* End PBXVariantGroup section */

/* Begin XCBuildConfiguration section */
		FBEFD7F628FFFF1D00CC50DE /* Debug */ = {
			isa = XCBuildConfiguration;
			buildSettings = {
				ALWAYS_SEARCH_USER_PATHS = NO;
				CLANG_ANALYZER_NONNULL = YES;
				CLANG_ANALYZER_NUMBER_OBJECT_CONVERSION = YES_AGGRESSIVE;
				CLANG_CXX_LANGUAGE_STANDARD = "gnu++17";
				CLANG_CXX_LIBRARY = "libc++";
				CLANG_ENABLE_MODULES = YES;
				CLANG_ENABLE_OBJC_ARC = YES;
				CLANG_ENABLE_OBJC_WEAK = YES;
				CLANG_WARN_BLOCK_CAPTURE_AUTORELEASING = YES;
				CLANG_WARN_BOOL_CONVERSION = YES;
				CLANG_WARN_COMMA = YES;
				CLANG_WARN_CONSTANT_CONVERSION = YES;
				CLANG_WARN_DEPRECATED_OBJC_IMPLEMENTATIONS = YES;
				CLANG_WARN_DIRECT_OBJC_ISA_USAGE = YES_ERROR;
				CLANG_WARN_DOCUMENTATION_COMMENTS = YES;
				CLANG_WARN_EMPTY_BODY = YES;
				CLANG_WARN_ENUM_CONVERSION = YES;
				CLANG_WARN_INFINITE_RECURSION = YES;
				CLANG_WARN_INT_CONVERSION = YES;
				CLANG_WARN_NON_LITERAL_NULL_CONVERSION = YES;
				CLANG_WARN_OBJC_IMPLICIT_RETAIN_SELF = YES;
				CLANG_WARN_OBJC_LITERAL_CONVERSION = YES;
				CLANG_WARN_OBJC_ROOT_CLASS = YES_ERROR;
				CLANG_WARN_QUOTED_INCLUDE_IN_FRAMEWORK_HEADER = YES;
				CLANG_WARN_RANGE_LOOP_ANALYSIS = YES;
				CLANG_WARN_STRICT_PROTOTYPES = YES;
				CLANG_WARN_SUSPICIOUS_MOVE = YES;
				CLANG_WARN_UNGUARDED_AVAILABILITY = YES_AGGRESSIVE;
				CLANG_WARN_UNREACHABLE_CODE = YES;
				CLANG_WARN__DUPLICATE_METHOD_MATCH = YES;
				COPY_PHASE_STRIP = NO;
				DEBUG_INFORMATION_FORMAT = dwarf;
				ENABLE_STRICT_OBJC_MSGSEND = YES;
				ENABLE_TESTABILITY = YES;
				GCC_C_LANGUAGE_STANDARD = gnu11;
				GCC_DYNAMIC_NO_PIC = NO;
				GCC_NO_COMMON_BLOCKS = YES;
				GCC_OPTIMIZATION_LEVEL = 0;
				GCC_PREPROCESSOR_DEFINITIONS = (
					"DEBUG=1",
					"$(inherited)",
				);
				GCC_WARN_64_TO_32_BIT_CONVERSION = YES;
				GCC_WARN_ABOUT_RETURN_TYPE = YES_ERROR;
				GCC_WARN_UNDECLARED_SELECTOR = YES;
				GCC_WARN_UNINITIALIZED_AUTOS = YES_AGGRESSIVE;
				GCC_WARN_UNUSED_FUNCTION = YES;
				GCC_WARN_UNUSED_VARIABLE = YES;
				IPHONEOS_DEPLOYMENT_TARGET = 13.0;
				MTL_ENABLE_DEBUG_INFO = INCLUDE_SOURCE;
				MTL_FAST_MATH = YES;
				ONLY_ACTIVE_ARCH = YES;
				SDKROOT = iphoneos;
				SWIFT_ACTIVE_COMPILATION_CONDITIONS = DEBUG;
				SWIFT_OPTIMIZATION_LEVEL = "-Onone";
			};
			name = Debug;
		};
		FBEFD7F728FFFF1D00CC50DE /* Release */ = {
			isa = XCBuildConfiguration;
			buildSettings = {
				ALWAYS_SEARCH_USER_PATHS = NO;
				CLANG_ANALYZER_NONNULL = YES;
				CLANG_ANALYZER_NUMBER_OBJECT_CONVERSION = YES_AGGRESSIVE;
				CLANG_CXX_LANGUAGE_STANDARD = "gnu++17";
				CLANG_CXX_LIBRARY = "libc++";
				CLANG_ENABLE_MODULES = YES;
				CLANG_ENABLE_OBJC_ARC = YES;
				CLANG_ENABLE_OBJC_WEAK = YES;
				CLANG_WARN_BLOCK_CAPTURE_AUTORELEASING = YES;
				CLANG_WARN_BOOL_CONVERSION = YES;
				CLANG_WARN_COMMA = YES;
				CLANG_WARN_CONSTANT_CONVERSION = YES;
				CLANG_WARN_DEPRECATED_OBJC_IMPLEMENTATIONS = YES;
				CLANG_WARN_DIRECT_OBJC_ISA_USAGE = YES_ERROR;
				CLANG_WARN_DOCUMENTATION_COMMENTS = YES;
				CLANG_WARN_EMPTY_BODY = YES;
				CLANG_WARN_ENUM_CONVERSION = YES;
				CLANG_WARN_INFINITE_RECURSION = YES;
				CLANG_WARN_INT_CONVERSION = YES;
				CLANG_WARN_NON_LITERAL_NULL_CONVERSION = YES;
				CLANG_WARN_OBJC_IMPLICIT_RETAIN_SELF = YES;
				CLANG_WARN_OBJC_LITERAL_CONVERSION = YES;
				CLANG_WARN_OBJC_ROOT_CLASS = YES_ERROR;
				CLANG_WARN_QUOTED_INCLUDE_IN_FRAMEWORK_HEADER = YES;
				CLANG_WARN_RANGE_LOOP_ANALYSIS = YES;
				CLANG_WARN_STRICT_PROTOTYPES = YES;
				CLANG_WARN_SUSPICIOUS_MOVE = YES;
				CLANG_WARN_UNGUARDED_AVAILABILITY = YES_AGGRESSIVE;
				CLANG_WARN_UNREACHABLE_CODE = YES;
				CLANG_WARN__DUPLICATE_METHOD_MATCH = YES;
				COPY_PHASE_STRIP = NO;
				DEBUG_INFORMATION_FORMAT = "dwarf-with-dsym";
				ENABLE_NS_ASSERTIONS = NO;
				ENABLE_STRICT_OBJC_MSGSEND = YES;
				GCC_C_LANGUAGE_STANDARD = gnu11;
				GCC_NO_COMMON_BLOCKS = YES;
				GCC_WARN_64_TO_32_BIT_CONVERSION = YES;
				GCC_WARN_ABOUT_RETURN_TYPE = YES_ERROR;
				GCC_WARN_UNDECLARED_SELECTOR = YES;
				GCC_WARN_UNINITIALIZED_AUTOS = YES_AGGRESSIVE;
				GCC_WARN_UNUSED_FUNCTION = YES;
				GCC_WARN_UNUSED_VARIABLE = YES;
				IPHONEOS_DEPLOYMENT_TARGET = 13.0;
				MTL_ENABLE_DEBUG_INFO = NO;
				MTL_FAST_MATH = YES;
				SDKROOT = iphoneos;
				SWIFT_COMPILATION_MODE = wholemodule;
				SWIFT_OPTIMIZATION_LEVEL = "-O";
				VALIDATE_PRODUCT = YES;
			};
			name = Release;
		};
		FBEFD7F928FFFF1D00CC50DE /* Debug */ = {
			isa = XCBuildConfiguration;
			baseConfigurationReference = 65F5FC6734265925964AD7FC /* Pods-WeatherToday.debug.xcconfig */;
			buildSettings = {
				ASSETCATALOG_COMPILER_APPICON_NAME = AppIcon;
				ASSETCATALOG_COMPILER_GLOBAL_ACCENT_COLOR_NAME = AccentColor;
				CODE_SIGN_STYLE = Automatic;
				CURRENT_PROJECT_VERSION = 1;
				GENERATE_INFOPLIST_FILE = YES;
				INFOPLIST_FILE = WeatherToday/Info.plist;
				INFOPLIST_KEY_UIApplicationSupportsIndirectInputEvents = YES;
				INFOPLIST_KEY_UILaunchStoryboardName = LaunchScreen;
				INFOPLIST_KEY_UISupportedInterfaceOrientations_iPad = "UIInterfaceOrientationPortrait UIInterfaceOrientationPortraitUpsideDown UIInterfaceOrientationLandscapeLeft UIInterfaceOrientationLandscapeRight";
				INFOPLIST_KEY_UISupportedInterfaceOrientations_iPhone = "UIInterfaceOrientationPortrait UIInterfaceOrientationLandscapeLeft UIInterfaceOrientationLandscapeRight";
				LD_RUNPATH_SEARCH_PATHS = (
					"$(inherited)",
					"@executable_path/Frameworks",
				);
				MARKETING_VERSION = 1.0;
				PRODUCT_BUNDLE_IDENTIFIER = com.wooyani.WeatherToday;
				PRODUCT_NAME = "$(TARGET_NAME)";
				SWIFT_EMIT_LOC_STRINGS = YES;
				SWIFT_VERSION = 5.0;
				TARGETED_DEVICE_FAMILY = "1,2";
			};
			name = Debug;
		};
		FBEFD7FA28FFFF1D00CC50DE /* Release */ = {
			isa = XCBuildConfiguration;
			baseConfigurationReference = 7660E4146A6B9B18DDAA2459 /* Pods-WeatherToday.release.xcconfig */;
			buildSettings = {
				ASSETCATALOG_COMPILER_APPICON_NAME = AppIcon;
				ASSETCATALOG_COMPILER_GLOBAL_ACCENT_COLOR_NAME = AccentColor;
				CODE_SIGN_STYLE = Automatic;
				CURRENT_PROJECT_VERSION = 1;
				GENERATE_INFOPLIST_FILE = YES;
				INFOPLIST_FILE = WeatherToday/Info.plist;
				INFOPLIST_KEY_UIApplicationSupportsIndirectInputEvents = YES;
				INFOPLIST_KEY_UILaunchStoryboardName = LaunchScreen;
				INFOPLIST_KEY_UISupportedInterfaceOrientations_iPad = "UIInterfaceOrientationPortrait UIInterfaceOrientationPortraitUpsideDown UIInterfaceOrientationLandscapeLeft UIInterfaceOrientationLandscapeRight";
				INFOPLIST_KEY_UISupportedInterfaceOrientations_iPhone = "UIInterfaceOrientationPortrait UIInterfaceOrientationLandscapeLeft UIInterfaceOrientationLandscapeRight";
				LD_RUNPATH_SEARCH_PATHS = (
					"$(inherited)",
					"@executable_path/Frameworks",
				);
				MARKETING_VERSION = 1.0;
				PRODUCT_BUNDLE_IDENTIFIER = com.wooyani.WeatherToday;
				PRODUCT_NAME = "$(TARGET_NAME)";
				SWIFT_EMIT_LOC_STRINGS = YES;
				SWIFT_VERSION = 5.0;
				TARGETED_DEVICE_FAMILY = "1,2";
			};
			name = Release;
		};
		FBEFD7FC28FFFF1D00CC50DE /* Debug */ = {
			isa = XCBuildConfiguration;
			baseConfigurationReference = C22DCC9EEFCD834872109106 /* Pods-WeatherTodayTests.debug.xcconfig */;
			buildSettings = {
				ALWAYS_EMBED_SWIFT_STANDARD_LIBRARIES = YES;
				BUNDLE_LOADER = "$(TEST_HOST)";
				CODE_SIGN_STYLE = Automatic;
				CURRENT_PROJECT_VERSION = 1;
				GENERATE_INFOPLIST_FILE = YES;
				IPHONEOS_DEPLOYMENT_TARGET = 15.2;
				MARKETING_VERSION = 1.0;
				PRODUCT_BUNDLE_IDENTIFIER = com.wooyani.WeatherTodayTests;
				PRODUCT_NAME = "$(TARGET_NAME)";
				SWIFT_EMIT_LOC_STRINGS = NO;
				SWIFT_VERSION = 5.0;
				TARGETED_DEVICE_FAMILY = "1,2";
				TEST_HOST = "$(BUILT_PRODUCTS_DIR)/WeatherToday.app/WeatherToday";
			};
			name = Debug;
		};
		FBEFD7FD28FFFF1D00CC50DE /* Release */ = {
			isa = XCBuildConfiguration;
			baseConfigurationReference = 1571617697F4FA775DF4DCCE /* Pods-WeatherTodayTests.release.xcconfig */;
			buildSettings = {
				ALWAYS_EMBED_SWIFT_STANDARD_LIBRARIES = YES;
				BUNDLE_LOADER = "$(TEST_HOST)";
				CODE_SIGN_STYLE = Automatic;
				CURRENT_PROJECT_VERSION = 1;
				GENERATE_INFOPLIST_FILE = YES;
				IPHONEOS_DEPLOYMENT_TARGET = 15.2;
				MARKETING_VERSION = 1.0;
				PRODUCT_BUNDLE_IDENTIFIER = com.wooyani.WeatherTodayTests;
				PRODUCT_NAME = "$(TARGET_NAME)";
				SWIFT_EMIT_LOC_STRINGS = NO;
				SWIFT_VERSION = 5.0;
				TARGETED_DEVICE_FAMILY = "1,2";
				TEST_HOST = "$(BUILT_PRODUCTS_DIR)/WeatherToday.app/WeatherToday";
			};
			name = Release;
		};
		FBEFD7FF28FFFF1D00CC50DE /* Debug */ = {
			isa = XCBuildConfiguration;
			baseConfigurationReference = BA1779A0A8DA3FB38FB7D422 /* Pods-WeatherToday-WeatherTodayUITests.debug.xcconfig */;
			buildSettings = {
				ALWAYS_EMBED_SWIFT_STANDARD_LIBRARIES = YES;
				CODE_SIGN_STYLE = Automatic;
				CURRENT_PROJECT_VERSION = 1;
				GENERATE_INFOPLIST_FILE = YES;
				MARKETING_VERSION = 1.0;
				PRODUCT_BUNDLE_IDENTIFIER = com.wooyani.WeatherTodayUITests;
				PRODUCT_NAME = "$(TARGET_NAME)";
				SWIFT_EMIT_LOC_STRINGS = NO;
				SWIFT_VERSION = 5.0;
				TARGETED_DEVICE_FAMILY = "1,2";
				TEST_TARGET_NAME = WeatherToday;
			};
			name = Debug;
		};
		FBEFD80028FFFF1D00CC50DE /* Release */ = {
			isa = XCBuildConfiguration;
			baseConfigurationReference = FB4B1006957D11433CBCE63E /* Pods-WeatherToday-WeatherTodayUITests.release.xcconfig */;
			buildSettings = {
				ALWAYS_EMBED_SWIFT_STANDARD_LIBRARIES = YES;
				CODE_SIGN_STYLE = Automatic;
				CURRENT_PROJECT_VERSION = 1;
				GENERATE_INFOPLIST_FILE = YES;
				MARKETING_VERSION = 1.0;
				PRODUCT_BUNDLE_IDENTIFIER = com.wooyani.WeatherTodayUITests;
				PRODUCT_NAME = "$(TARGET_NAME)";
				SWIFT_EMIT_LOC_STRINGS = NO;
				SWIFT_VERSION = 5.0;
				TARGETED_DEVICE_FAMILY = "1,2";
				TEST_TARGET_NAME = WeatherToday;
			};
			name = Release;
		};
/* End XCBuildConfiguration section */

/* Begin XCConfigurationList section */
		FBEFD7C928FFFF1B00CC50DE /* Build configuration list for PBXProject "WeatherToday" */ = {
			isa = XCConfigurationList;
			buildConfigurations = (
				FBEFD7F628FFFF1D00CC50DE /* Debug */,
				FBEFD7F728FFFF1D00CC50DE /* Release */,
			);
			defaultConfigurationIsVisible = 0;
			defaultConfigurationName = Release;
		};
		FBEFD7F828FFFF1D00CC50DE /* Build configuration list for PBXNativeTarget "WeatherToday" */ = {
			isa = XCConfigurationList;
			buildConfigurations = (
				FBEFD7F928FFFF1D00CC50DE /* Debug */,
				FBEFD7FA28FFFF1D00CC50DE /* Release */,
			);
			defaultConfigurationIsVisible = 0;
			defaultConfigurationName = Release;
		};
		FBEFD7FB28FFFF1D00CC50DE /* Build configuration list for PBXNativeTarget "WeatherTodayTests" */ = {
			isa = XCConfigurationList;
			buildConfigurations = (
				FBEFD7FC28FFFF1D00CC50DE /* Debug */,
				FBEFD7FD28FFFF1D00CC50DE /* Release */,
			);
			defaultConfigurationIsVisible = 0;
			defaultConfigurationName = Release;
		};
		FBEFD7FE28FFFF1D00CC50DE /* Build configuration list for PBXNativeTarget "WeatherTodayUITests" */ = {
			isa = XCConfigurationList;
			buildConfigurations = (
				FBEFD7FF28FFFF1D00CC50DE /* Debug */,
				FBEFD80028FFFF1D00CC50DE /* Release */,
			);
			defaultConfigurationIsVisible = 0;
			defaultConfigurationName = Release;
		};
/* End XCConfigurationList section */
	};
	rootObject = FBEFD7C628FFFF1B00CC50DE /* Project object */;
}
